<Solution>
  <Folder Name="/src/" />
  <Project Path="src/StoreManagement.Application/StoreManagement.Application.csproj" />
  <Project Path="src/StoreManagement.Domain/StoreManagement.Domain.csproj" />
  <Project Path="src/StoreManagement.API/StoreManagement.API.csproj" />
  <Project Path="src/StoreManagement.Infrastructure/StoreManagement.Infrastructure.csproj" />
</Solution>